
Microsoft Visual Studio Solution File, Format Version 12.00
# Visual Studio Version 16
VisualStudioVersion = 16.0.30523.141
MinimumVisualStudioVersion = 10.0.40219.1
Project("{FAE04EC0-301F-11D3-BF4B-00C04F79EFBC}") = "PaletteCoreAPI", "PaletteCoreAPI\PaletteCoreAPI.csproj", "{70B0EE8F-B4B8-40C1-B5F6-2300523FECCE}"
EndProject
Global
	GlobalSection(SolutionConfigurationPlatforms) = preSolution
		Debug|Any CPU = Debug|Any CPU
		Release|Any CPU = Release|Any CPU
	EndGlobalSection
	GlobalSection(ProjectConfigurationPlatforms) = postSolution
		{70B0EE8F-B4B8-40C1-B5F6-2300523FECCE}.Debug|Any CPU.ActiveCfg = Debug|Any CPU
		{70B0EE8F-B4B8-40C1-B5F6-2300523FECCE}.Debug|Any CPU.Build.0 = Debug|Any CPU
		{70B0EE8F-B4B8-40C1-B5F6-2300523FECCE}.Release|Any CPU.ActiveCfg = Release|Any CPU
		{70B0EE8F-B4B8-40C1-B5F6-2300523FECCE}.Release|Any CPU.Build.0 = Release|Any CPU
	EndGlobalSection
	GlobalSection(SolutionProperties) = preSolution
		HideSolutionNode = FALSE
	EndGlobalSection
	GlobalSection(ExtensibilityGlobals) = postSolution
		SolutionGuid = {56DEA3A7-6032-4E35-A083-9B1FA3CD3CFD}
	EndGlobalSection
EndGlobal
